
Microsoft Visual Studio Solution File, Format Version 12.00
# Visual Studio Version 16
VisualStudioVersion = 16.0.808.9
MinimumVisualStudioVersion = 10.0.40219.1
Project("{FAE04EC0-301F-11D3-BF4B-00C04F79EFBC}") = "Lab1", "Models\Lab1.csproj", "{1FD630D6-7CD2-4DB6-B605-249E7D169F03}"
EndProject
Project("{FAE04EC0-301F-11D3-BF4B-00C04F79EFBC}") = "Program", "Program\Program.csproj", "{0E011F8C-DCB3-43DC-A62C-5AC6BB175B82}"
EndProject
Global
	GlobalSection(SolutionConfigurationPlatforms) = preSolution
		Debug|Any CPU = Debug|Any CPU
		Release|Any CPU = Release|Any CPU
	EndGlobalSection
	GlobalSection(ProjectConfigurationPlatforms) = postSolution
		{1FD630D6-7CD2-4DB6-B605-249E7D169F03}.Debug|Any CPU.ActiveCfg = Debug|Any CPU
		{1FD630D6-7CD2-4DB6-B605-249E7D169F03}.Debug|Any CPU.Build.0 = Debug|Any CPU
		{1FD630D6-7CD2-4DB6-B605-249E7D169F03}.Release|Any CPU.ActiveCfg = Release|Any CPU
		{1FD630D6-7CD2-4DB6-B605-249E7D169F03}.Release|Any CPU.Build.0 = Release|Any CPU
		{0E011F8C-DCB3-43DC-A62C-5AC6BB175B82}.Debug|Any CPU.ActiveCfg = Debug|Any CPU
		{0E011F8C-DCB3-43DC-A62C-5AC6BB175B82}.Debug|Any CPU.Build.0 = Debug|Any CPU
		{0E011F8C-DCB3-43DC-A62C-5AC6BB175B82}.Release|Any CPU.ActiveCfg = Release|Any CPU
		{0E011F8C-DCB3-43DC-A62C-5AC6BB175B82}.Release|Any CPU.Build.0 = Release|Any CPU
	EndGlobalSection
	GlobalSection(SolutionProperties) = preSolution
		HideSolutionNode = FALSE
	EndGlobalSection
	GlobalSection(ExtensibilityGlobals) = postSolution
		SolutionGuid = {5407207C-C8D6-4468-80AD-0007E2BD19D0}
	EndGlobalSection
EndGlobal
